// !$*UTF8*$!
{
	archiveVersion = 1;
	classes = {
	};
	objectVersion = 50;
	objects = {

/* Begin PBXBuildFile section */
		00B4F84B23DA097800869455 /* AppDelegate.m in Sources */ = {isa = PBXBuildFile; fileRef = 00B4F84A23DA097800869455 /* AppDelegate.m */; };
		00B4F84E23DA097800869455 /* SceneDelegate.m in Sources */ = {isa = PBXBuildFile; fileRef = 00B4F84D23DA097800869455 /* SceneDelegate.m */; };
		00B4F85123DA097800869455 /* ViewController.m in Sources */ = {isa = PBXBuildFile; fileRef = 00B4F85023DA097800869455 /* ViewController.m */; };
		00B4F85423DA097800869455 /* Main.storyboard in Resources */ = {isa = PBXBuildFile; fileRef = 00B4F85223DA097800869455 /* Main.storyboard */; };
		00B4F85623DA098100869455 /* Assets.xcassets in Resources */ = {isa = PBXBuildFile; fileRef = 00B4F85523DA098100869455 /* Assets.xcassets */; };
		00B4F85923DA098100869455 /* LaunchScreen.storyboard in Resources */ = {isa = PBXBuildFile; fileRef = 00B4F85723DA098100869455 /* LaunchScreen.storyboard */; };
		00B4F85C23DA098100869455 /* main.m in Sources */ = {isa = PBXBuildFile; fileRef = 00B4F85B23DA098100869455 /* main.m */; };
		00B4F86423DA0B7900869455 /* MKCodeField.m in Sources */ = {isa = PBXBuildFile; fileRef = 00B4F86323DA0B7900869455 /* MKCodeField.m */; };
/* End PBXBuildFile section */

/* Begin PBXFileReference section */
		00B4F84623DA097800869455 /* MKTextField.app */ = {isa = PBXFileReference; explicitFileType = wrapper.application; includeInIndex = 0; path = MKTextField.app; sourceTree = BUILT_PRODUCTS_DIR; };
		00B4F84923DA097800869455 /* AppDelegate.h */ = {isa = PBXFileReference; lastKnownFileType = sourcecode.c.h; path = AppDelegate.h; sourceTree = "<group>"; };
		00B4F84A23DA097800869455 /* AppDelegate.m */ = {isa = PBXFileReference; lastKnownFileType = sourcecode.c.objc; path = AppDelegate.m; sourceTree = "<group>"; };
		00B4F84C23DA097800869455 /* SceneDelegate.h */ = {isa = PBXFileReference; lastKnownFileType = sourcecode.c.h; path = SceneDelegate.h; sourceTree = "<group>"; };
		00B4F84D23DA097800869455 /* SceneDelegate.m */ = {isa = PBXFileReference; lastKnownFileType = sourcecode.c.objc; path = SceneDelegate.m; sourceTree = "<group>"; };
		00B4F84F23DA097800869455 /* ViewController.h */ = {isa = PBXFileReference; lastKnownFileType = sourcecode.c.h; path = ViewController.h; sourceTree = "<group>"; };
		00B4F85023DA097800869455 /* ViewController.m */ = {isa = PBXFileReference; lastKnownFileType = sourcecode.c.objc; path = ViewController.m; sourceTree = "<group>"; };
		00B4F85323DA097800869455 /* Base */ = {isa = PBXFileReference; lastKnownFileType = file.storyboard; name = Base; path = Base.lproj/Main.storyboard; sourceTree = "<group>"; };
		00B4F85523DA098100869455 /* Assets.xcassets */ = {isa = PBXFileReference; lastKnownFileType = folder.assetcatalog; path = Assets.xcassets; sourceTree = "<group>"; };
		00B4F85823DA098100869455 /* Base */ = {isa = PBXFileReference; lastKnownFileType = file.storyboard; name = Base; path = Base.lproj/LaunchScreen.storyboard; sourceTree = "<group>"; };
		00B4F85A23DA098100869455 /* Info.plist */ = {isa = PBXFileReference; lastKnownFileType = text.plist.xml; path = Info.plist; sourceTree = "<group>"; };
		00B4F85B23DA098100869455 /* main.m */ = {isa = PBXFileReference; lastKnownFileType = sourcecode.c.objc; path = main.m; sourceTree = "<group>"; };
		00B4F86223DA0B7800869455 /* MKCodeField.h */ = {isa = PBXFileReference; lastKnownFileType = sourcecode.c.h; path = MKCodeField.h; sourceTree = "<group>"; };
		00B4F86323DA0B7900869455 /* MKCodeField.m */ = {isa = PBXFileReference; lastKnownFileType = sourcecode.c.objc; path = MKCodeField.m; sourceTree = "<group>"; };
/* End PBXFileReference section */

/* Begin PBXFrameworksBuildPhase section */
		00B4F84323DA097800869455 /* Frameworks */ = {
			isa = PBXFrameworksBuildPhase;
			buildActionMask = 2147483647;
			files = (
			);
			runOnlyForDeploymentPostprocessing = 0;
		};
/* End PBXFrameworksBuildPhase section */

/* Begin PBXGroup section */
		00B4F83D23DA097800869455 = {
			isa = PBXGroup;
			children = (
				00B4F84823DA097800869455 /* MKTextField */,
				00B4F84723DA097800869455 /* Products */,
			);
			sourceTree = "<group>";
		};
		00B4F84723DA097800869455 /* Products */ = {
			isa = PBXGroup;
			children = (
				00B4F84623DA097800869455 /* MKTextField.app */,
			);
			name = Products;
			sourceTree = "<group>";
		};
		00B4F84823DA097800869455 /* MKTextField */ = {
			isa = PBXGroup;
			children = (
				00B4F84923DA097800869455 /* AppDelegate.h */,
				00B4F84A23DA097800869455 /* AppDelegate.m */,
				00B4F84C23DA097800869455 /* SceneDelegate.h */,
				00B4F84D23DA097800869455 /* SceneDelegate.m */,
				00B4F84F23DA097800869455 /* ViewController.h */,
				00B4F85023DA097800869455 /* ViewController.m */,
				00B4F85223DA097800869455 /* Main.storyboard */,
				00B4F85523DA098100869455 /* Assets.xcassets */,
				00B4F85723DA098100869455 /* LaunchScreen.storyboard */,
				00B4F85A23DA098100869455 /* Info.plist */,
				00B4F85B23DA098100869455 /* main.m */,
				00B4F86323DA0B7900869455 /* MKCodeField.m */,
				00B4F86223DA0B7800869455 /* MKCodeField.h */,
			);
			path = MKTextField;
			sourceTree = "<group>";
		};
/* End PBXGroup section */

/* Begin PBXNativeTarget section */
		00B4F84523DA097800869455 /* MKTextField */ = {
			isa = PBXNativeTarget;
			buildConfigurationList = 00B4F85F23DA098100869455 /* Build configuration list for PBXNativeTarget "MKTextField" */;
			buildPhases = (
				00B4F84223DA097800869455 /* Sources */,
				00B4F84323DA097800869455 /* Frameworks */,
				00B4F84423DA097800869455 /* Resources */,
			);
			buildRules = (
			);
			dependencies = (
			);
			name = MKTextField;
			productName = MKTextField;
			productReference = 00B4F84623DA097800869455 /* MKTextField.app */;
			productType = "com.apple.product-type.application";
		};
/* End PBXNativeTarget section */

/* Begin PBXProject section */
		00B4F83E23DA097800869455 /* Project object */ = {
			isa = PBXProject;
			attributes = {
				LastUpgradeCheck = 1130;
				ORGANIZATIONNAME = "Michael Katkov";
				TargetAttributes = {
					00B4F84523DA097800869455 = {
						CreatedOnToolsVersion = 11.3;
					};
				};
			};
			buildConfigurationList = 00B4F84123DA097800869455 /* Build configuration list for PBXProject "MKTextField" */;
			compatibilityVersion = "Xcode 9.3";
			developmentRegion = en;
			hasScannedForEncodings = 0;
			knownRegions = (
				en,
				Base,
			);
			mainGroup = 00B4F83D23DA097800869455;
			productRefGroup = 00B4F84723DA097800869455 /* Products */;
			projectDirPath = "";
			projectRoot = "";
			targets = (
				00B4F84523DA097800869455 /* MKTextField */,
			);
		};
/* End PBXProject section */

/* Begin PBXResourcesBuildPhase section */
		00B4F84423DA097800869455 /* Resources */ = {
			isa = PBXResourcesBuildPhase;
			buildActionMask = 2147483647;
			files = (
				00B4F85923DA098100869455 /* LaunchScreen.storyboard in Resources */,
				00B4F85623DA098100869455 /* Assets.xcassets in Resources */,
				00B4F85423DA097800869455 /* Main.storyboard in Resources */,
			);
			runOnlyForDeploymentPostprocessing = 0;
		};
/* End PBXResourcesBuildPhase section */

/* Begin PBXSourcesBuildPhase section */
		00B4F84223DA097800869455 /* Sources */ = {
			isa = PBXSourcesBuildPhase;
			buildActionMask = 2147483647;
			files = (
				00B4F85123DA097800869455 /* ViewController.m in Sources */,
				00B4F86423DA0B7900869455 /* MKCodeField.m in Sources */,
				00B4F84B23DA097800869455 /* AppDelegate.m in Sources */,
				00B4F85C23DA098100869455 /* main.m in Sources */,
				00B4F84E23DA097800869455 /* SceneDelegate.m in Sources */,
			);
			runOnlyForDeploymentPostprocessing = 0;
		};
/* End PBXSourcesBuildPhase section */

/* Begin PBXVariantGroup section */
		00B4F85223DA097800869455 /* Main.storyboard */ = {
			isa = PBXVariantGroup;
			children = (
				00B4F85323DA097800869455 /* Base */,
			);
			name = Main.storyboard;
			sourceTree = "<group>";
		};
		00B4F85723DA098100869455 /* LaunchScreen.storyboard */ = {
			isa = PBXVariantGroup;
			children = (
				00B4F85823DA098100869455 /* Base */,
			);
			name = LaunchScreen.storyboard;
			sourceTree = "<group>";
		};
/* End PBXVariantGroup section */

/* Begin XCBuildConfiguration section */
		00B4F85D23DA098100869455 /* Debug */ = {
			isa = XCBuildConfiguration;
			buildSettings = {
				ALWAYS_SEARCH_USER_PATHS = NO;
				CLANG_ANALYZER_NONNULL = YES;
				CLANG_ANALYZER_NUMBER_OBJECT_CONVERSION = YES_AGGRESSIVE;
				CLANG_CXX_LANGUAGE_STANDARD = "gnu++14";
				CLANG_CXX_LIBRARY = "libc++";
				CLANG_ENABLE_MODULES = YES;
				CLANG_ENABLE_OBJC_ARC = YES;
				CLANG_ENABLE_OBJC_WEAK = YES;
				CLANG_WARN_BLOCK_CAPTURE_AUTORELEASING = YES;
				CLANG_WARN_BOOL_CONVERSION = YES;
				CLANG_WARN_COMMA = YES;
				CLANG_WARN_CONSTANT_CONVERSION = YES;
				CLANG_WARN_DEPRECATED_OBJC_IMPLEMENTATIONS = YES;
				CLANG_WARN_DIRECT_OBJC_ISA_USAGE = YES_ERROR;
				CLANG_WARN_DOCUMENTATION_COMMENTS = YES;
				CLANG_WARN_EMPTY_BODY = YES;
				CLANG_WARN_ENUM_CONVERSION = YES;
				CLANG_WARN_INFINITE_RECURSION = YES;
				CLANG_WARN_INT_CONVERSION = YES;
				CLANG_WARN_NON_LITERAL_NULL_CONVERSION = YES;
				CLANG_WARN_OBJC_IMPLICIT_RETAIN_SELF = YES;
				CLANG_WARN_OBJC_LITERAL_CONVERSION = YES;
				CLANG_WARN_OBJC_ROOT_CLASS = YES_ERROR;
				CLANG_WARN_RANGE_LOOP_ANALYSIS = YES;
				CLANG_WARN_STRICT_PROTOTYPES = YES;
				CLANG_WARN_SUSPICIOUS_MOVE = YES;
				CLANG_WARN_UNGUARDED_AVAILABILITY = YES_AGGRESSIVE;
				CLANG_WARN_UNREACHABLE_CODE = YES;
				CLANG_WARN__DUPLICATE_METHOD_MATCH = YES;
				COPY_PHASE_STRIP = NO;
				DEBUG_INFORMATION_FORMAT = dwarf;
				ENABLE_STRICT_OBJC_MSGSEND = YES;
				ENABLE_TESTABILITY = YES;
				GCC_C_LANGUAGE_STANDARD = gnu11;
				GCC_DYNAMIC_NO_PIC = NO;
				GCC_NO_COMMON_BLOCKS = YES;
				GCC_OPTIMIZATION_LEVEL = 0;
				GCC_PREPROCESSOR_DEFINITIONS = (
					"DEBUG=1",
					"$(inherited)",
				);
				GCC_WARN_64_TO_32_BIT_CONVERSION = YES;
				GCC_WARN_ABOUT_RETURN_TYPE = YES_ERROR;
				GCC_WARN_UNDECLARED_SELECTOR = YES;
				GCC_WARN_UNINITIALIZED_AUTOS = YES_AGGRESSIVE;
				GCC_WARN_UNUSED_FUNCTION = YES;
				GCC_WARN_UNUSED_VARIABLE = YES;
				IPHONEOS_DEPLOYMENT_TARGET = 13.2;
				MTL_ENABLE_DEBUG_INFO = INCLUDE_SOURCE;
				MTL_FAST_MATH = YES;
				ONLY_ACTIVE_ARCH = YES;
				SDKROOT = iphoneos;
			};
			name = Debug;
		};
		00B4F85E23DA098100869455 /* Release */ = {
			isa = XCBuildConfiguration;
			buildSettings = {
				ALWAYS_SEARCH_USER_PATHS = NO;
				CLANG_ANALYZER_NONNULL = YES;
				CLANG_ANALYZER_NUMBER_OBJECT_CONVERSION = YES_AGGRESSIVE;
				CLANG_CXX_LANGUAGE_STANDARD = "gnu++14";
				CLANG_CXX_LIBRARY = "libc++";
				CLANG_ENABLE_MODULES = YES;
				CLANG_ENABLE_OBJC_ARC = YES;
				CLANG_ENABLE_OBJC_WEAK = YES;
				CLANG_WARN_BLOCK_CAPTURE_AUTORELEASING = YES;
				CLANG_WARN_BOOL_CONVERSION = YES;
				CLANG_WARN_COMMA = YES;
				CLANG_WARN_CONSTANT_CONVERSION = YES;
				CLANG_WARN_DEPRECATED_OBJC_IMPLEMENTATIONS = YES;
				CLANG_WARN_DIRECT_OBJC_ISA_USAGE = YES_ERROR;
				CLANG_WARN_DOCUMENTATION_COMMENTS = YES;
				CLANG_WARN_EMPTY_BODY = YES;
				CLANG_WARN_ENUM_CONVERSION = YES;
				CLANG_WARN_INFINITE_RECURSION = YES;
				CLANG_WARN_INT_CONVERSION = YES;
				CLANG_WARN_NON_LITERAL_NULL_CONVERSION = YES;
				CLANG_WARN_OBJC_IMPLICIT_RETAIN_SELF = YES;
				CLANG_WARN_OBJC_LITERAL_CONVERSION = YES;
				CLANG_WARN_OBJC_ROOT_CLASS = YES_ERROR;
				CLANG_WARN_RANGE_LOOP_ANALYSIS = YES;
				CLANG_WARN_STRICT_PROTOTYPES = YES;
				CLANG_WARN_SUSPICIOUS_MOVE = YES;
				CLANG_WARN_UNGUARDED_AVAILABILITY = YES_AGGRESSIVE;
				CLANG_WARN_UNREACHABLE_CODE = YES;
				CLANG_WARN__DUPLICATE_METHOD_MATCH = YES;
				COPY_PHASE_STRIP = NO;
				DEBUG_INFORMATION_FORMAT = "dwarf-with-dsym";
				ENABLE_NS_ASSERTIONS = NO;
				ENABLE_STRICT_OBJC_MSGSEND = YES;
				GCC_C_LANGUAGE_STANDARD = gnu11;
				GCC_NO_COMMON_BLOCKS = YES;
				GCC_WARN_64_TO_32_BIT_CONVERSION = YES;
				GCC_WARN_ABOUT_RETURN_TYPE = YES_ERROR;
				GCC_WARN_UNDECLARED_SELECTOR = YES;
				GCC_WARN_UNINITIALIZED_AUTOS = YES_AGGRESSIVE;
				GCC_WARN_UNUSED_FUNCTION = YES;
				GCC_WARN_UNUSED_VARIABLE = YES;
				IPHONEOS_DEPLOYMENT_TARGET = 13.2;
				MTL_ENABLE_DEBUG_INFO = NO;
				MTL_FAST_MATH = YES;
				SDKROOT = iphoneos;
				VALIDATE_PRODUCT = YES;
			};
			name = Release;
		};
		00B4F86023DA098100869455 /* Debug */ = {
			isa = XCBuildConfiguration;
			buildSettings = {
				ASSETCATALOG_COMPILER_APPICON_NAME = AppIcon;
				CODE_SIGN_STYLE = Automatic;
				DEVELOPMENT_TEAM = 229D9M84B2;
				INFOPLIST_FILE = MKTextField/Info.plist;
				IPHONEOS_DEPLOYMENT_TARGET = 11.0;
				LD_RUNPATH_SEARCH_PATHS = (
					"$(inherited)",
					"@executable_path/Frameworks",
				);
				PRODUCT_BUNDLE_IDENTIFIER = com.mk.ska.MKTextField;
				PRODUCT_NAME = "$(TARGET_NAME)";
				TARGETED_DEVICE_FAMILY = "1,2";
			};
			name = Debug;
		};
		00B4F86123DA098100869455 /* Release */ = {
			isa = XCBuildConfiguration;
			buildSettings = {
				ASSETCATALOG_COMPILER_APPICON_NAME = AppIcon;
				CODE_SIGN_STYLE = Automatic;
				DEVELOPMENT_TEAM = 229D9M84B2;
				INFOPLIST_FILE = MKTextField/Info.plist;
				IPHONEOS_DEPLOYMENT_TARGET = 11.0;
				LD_RUNPATH_SEARCH_PATHS = (
					"$(inherited)",
					"@executable_path/Frameworks",
				);
				PRODUCT_BUNDLE_IDENTIFIER = com.mk.ska.MKTextField;
				PRODUCT_NAME = "$(TARGET_NAME)";
				TARGETED_DEVICE_FAMILY = "1,2";
			};
			name = Release;
		};
/* End XCBuildConfiguration section */

/* Begin XCConfigurationList section */
		00B4F84123DA097800869455 /* Build configuration list for PBXProject "MKTextField" */ = {
			isa = XCConfigurationList;
			buildConfigurations = (
				00B4F85D23DA098100869455 /* Debug */,
				00B4F85E23DA098100869455 /* Release */,
			);
			defaultConfigurationIsVisible = 0;
			defaultConfigurationName = Release;
		};
		00B4F85F23DA098100869455 /* Build configuration list for PBXNativeTarget "MKTextField" */ = {
			isa = XCConfigurationList;
			buildConfigurations = (
				00B4F86023DA098100869455 /* Debug */,
				00B4F86123DA098100869455 /* Release */,
			);
			defaultConfigurationIsVisible = 0;
			defaultConfigurationName = Release;
		};
/* End XCConfigurationList section */
	};
	rootObject = 00B4F83E23DA097800869455 /* Project object */;
}
